// !$*UTF8*$!
{
	archiveVersion = 1;
	classes = {
	};
	objectVersion = 46;
	objects = {

/* Begin PBXBuildFile section */
		5BC3F7261D5F466F007C8B59 /* CityTableViewController.m in Sources */ = {isa = PBXBuildFile; fileRef = 5BC3F7251D5F466F007C8B59 /* CityTableViewController.m */; };
		5BC3F7291D5F4F78007C8B59 /* SearchZipViewController.m in Sources */ = {isa = PBXBuildFile; fileRef = 5BC3F7281D5F4F78007C8B59 /* SearchZipViewController.m */; };
		5BC3F72C1D5F5E91007C8B59 /* APIController.m in Sources */ = {isa = PBXBuildFile; fileRef = 5BC3F72B1D5F5E91007C8B59 /* APIController.m */; };
		5BC3F72F1D5F79DC007C8B59 /* City.m in Sources */ = {isa = PBXBuildFile; fileRef = 5BC3F72E1D5F79DC007C8B59 /* City.m */; };
		5BC3F7321D5F9E08007C8B59 /* Weather.m in Sources */ = {isa = PBXBuildFile; fileRef = 5BC3F7311D5F9E08007C8B59 /* Weather.m */; };
		5BC3F7351D5FB96F007C8B59 /* WeatherDetailViewController.m in Sources */ = {isa = PBXBuildFile; fileRef = 5BC3F7341D5FB96F007C8B59 /* WeatherDetailViewController.m */; };
		5BDDAFFD1D5CBD14002D3992 /* main.m in Sources */ = {isa = PBXBuildFile; fileRef = 5BDDAFFC1D5CBD14002D3992 /* main.m */; };
		5BDDB0001D5CBD14002D3992 /* AppDelegate.m in Sources */ = {isa = PBXBuildFile; fileRef = 5BDDAFFF1D5CBD14002D3992 /* AppDelegate.m */; };
		5BDDB0061D5CBD14002D3992 /* Main.storyboard in Resources */ = {isa = PBXBuildFile; fileRef = 5BDDB0041D5CBD14002D3992 /* Main.storyboard */; };
		5BDDB0081D5CBD14002D3992 /* Assets.xcassets in Resources */ = {isa = PBXBuildFile; fileRef = 5BDDB0071D5CBD14002D3992 /* Assets.xcassets */; };
		5BDDB00B1D5CBD14002D3992 /* LaunchScreen.storyboard in Resources */ = {isa = PBXBuildFile; fileRef = 5BDDB0091D5CBD14002D3992 /* LaunchScreen.storyboard */; };
/* End PBXBuildFile section */

/* Begin PBXFileReference section */
		5BC3F7241D5F466F007C8B59 /* CityTableViewController.h */ = {isa = PBXFileReference; fileEncoding = 4; lastKnownFileType = sourcecode.c.h; name = CityTableViewController.h; path = ../CityTableViewController.h; sourceTree = "<group>"; };
		5BC3F7251D5F466F007C8B59 /* CityTableViewController.m */ = {isa = PBXFileReference; fileEncoding = 4; lastKnownFileType = sourcecode.c.objc; name = CityTableViewController.m; path = ../CityTableViewController.m; sourceTree = "<group>"; };
		5BC3F7271D5F4F78007C8B59 /* SearchZipViewController.h */ = {isa = PBXFileReference; fileEncoding = 4; lastKnownFileType = sourcecode.c.h; path = SearchZipViewController.h; sourceTree = "<group>"; };
		5BC3F7281D5F4F78007C8B59 /* SearchZipViewController.m */ = {isa = PBXFileReference; fileEncoding = 4; lastKnownFileType = sourcecode.c.objc; path = SearchZipViewController.m; sourceTree = "<group>"; };
		5BC3F72A1D5F5E91007C8B59 /* APIController.h */ = {isa = PBXFileReference; fileEncoding = 4; lastKnownFileType = sourcecode.c.h; path = APIController.h; sourceTree = "<group>"; };
		5BC3F72B1D5F5E91007C8B59 /* APIController.m */ = {isa = PBXFileReference; fileEncoding = 4; lastKnownFileType = sourcecode.c.objc; path = APIController.m; sourceTree = "<group>"; };
		5BC3F72D1D5F79DC007C8B59 /* City.h */ = {isa = PBXFileReference; fileEncoding = 4; lastKnownFileType = sourcecode.c.h; path = City.h; sourceTree = "<group>"; };
		5BC3F72E1D5F79DC007C8B59 /* City.m */ = {isa = PBXFileReference; fileEncoding = 4; lastKnownFileType = sourcecode.c.objc; path = City.m; sourceTree = "<group>"; };
		5BC3F7301D5F9E08007C8B59 /* Weather.h */ = {isa = PBXFileReference; fileEncoding = 4; lastKnownFileType = sourcecode.c.h; path = Weather.h; sourceTree = "<group>"; };
		5BC3F7311D5F9E08007C8B59 /* Weather.m */ = {isa = PBXFileReference; fileEncoding = 4; lastKnownFileType = sourcecode.c.objc; path = Weather.m; sourceTree = "<group>"; };
		5BC3F7331D5FB96F007C8B59 /* WeatherDetailViewController.h */ = {isa = PBXFileReference; fileEncoding = 4; lastKnownFileType = sourcecode.c.h; path = WeatherDetailViewController.h; sourceTree = "<group>"; };
		5BC3F7341D5FB96F007C8B59 /* WeatherDetailViewController.m */ = {isa = PBXFileReference; fileEncoding = 4; lastKnownFileType = sourcecode.c.objc; path = WeatherDetailViewController.m; sourceTree = "<group>"; };
		5BDDAFF81D5CBD14002D3992 /* Forecaster.app */ = {isa = PBXFileReference; explicitFileType = wrapper.application; includeInIndex = 0; path = Forecaster.app; sourceTree = BUILT_PRODUCTS_DIR; };
		5BDDAFFC1D5CBD14002D3992 /* main.m */ = {isa = PBXFileReference; lastKnownFileType = sourcecode.c.objc; path = main.m; sourceTree = "<group>"; };
		5BDDAFFE1D5CBD14002D3992 /* AppDelegate.h */ = {isa = PBXFileReference; lastKnownFileType = sourcecode.c.h; path = AppDelegate.h; sourceTree = "<group>"; };
		5BDDAFFF1D5CBD14002D3992 /* AppDelegate.m */ = {isa = PBXFileReference; lastKnownFileType = sourcecode.c.objc; path = AppDelegate.m; sourceTree = "<group>"; };
		5BDDB0051D5CBD14002D3992 /* Base */ = {isa = PBXFileReference; lastKnownFileType = file.storyboard; name = Base; path = Base.lproj/Main.storyboard; sourceTree = "<group>"; };
		5BDDB0071D5CBD14002D3992 /* Assets.xcassets */ = {isa = PBXFileReference; lastKnownFileType = folder.assetcatalog; path = Assets.xcassets; sourceTree = "<group>"; };
		5BDDB00A1D5CBD14002D3992 /* Base */ = {isa = PBXFileReference; lastKnownFileType = file.storyboard; name = Base; path = Base.lproj/LaunchScreen.storyboard; sourceTree = "<group>"; };
		5BDDB00C1D5CBD14002D3992 /* Info.plist */ = {isa = PBXFileReference; lastKnownFileType = text.plist.xml; path = Info.plist; sourceTree = "<group>"; };
/* End PBXFileReference section */

/* Begin PBXFrameworksBuildPhase section */
		5BDDAFF51D5CBD14002D3992 /* Frameworks */ = {
			isa = PBXFrameworksBuildPhase;
			buildActionMask = 2147483647;
			files = (
			);
			runOnlyForDeploymentPostprocessing = 0;
		};
/* End PBXFrameworksBuildPhase section */

/* Begin PBXGroup section */
		5BDDAFEF1D5CBD14002D3992 = {
			isa = PBXGroup;
			children = (
				5BDDAFFA1D5CBD14002D3992 /* Forecaster */,
				5BDDAFF91D5CBD14002D3992 /* Products */,
			);
			sourceTree = "<group>";
		};
		5BDDAFF91D5CBD14002D3992 /* Products */ = {
			isa = PBXGroup;
			children = (
				5BDDAFF81D5CBD14002D3992 /* Forecaster.app */,
			);
			name = Products;
			sourceTree = "<group>";
		};
		5BDDAFFA1D5CBD14002D3992 /* Forecaster */ = {
			isa = PBXGroup;
			children = (
				5BDDAFFE1D5CBD14002D3992 /* AppDelegate.h */,
				5BDDAFFF1D5CBD14002D3992 /* AppDelegate.m */,
				5BC3F7241D5F466F007C8B59 /* CityTableViewController.h */,
				5BC3F7251D5F466F007C8B59 /* CityTableViewController.m */,
				5BC3F7271D5F4F78007C8B59 /* SearchZipViewController.h */,
				5BC3F7281D5F4F78007C8B59 /* SearchZipViewController.m */,
				5BC3F7331D5FB96F007C8B59 /* WeatherDetailViewController.h */,
				5BC3F7341D5FB96F007C8B59 /* WeatherDetailViewController.m */,
				5BC3F72D1D5F79DC007C8B59 /* City.h */,
				5BC3F72E1D5F79DC007C8B59 /* City.m */,
				5BC3F7301D5F9E08007C8B59 /* Weather.h */,
				5BC3F7311D5F9E08007C8B59 /* Weather.m */,
				5BC3F72A1D5F5E91007C8B59 /* APIController.h */,
				5BC3F72B1D5F5E91007C8B59 /* APIController.m */,
				5BDDB0041D5CBD14002D3992 /* Main.storyboard */,
				5BDDB0071D5CBD14002D3992 /* Assets.xcassets */,
				5BDDB0091D5CBD14002D3992 /* LaunchScreen.storyboard */,
				5BDDB00C1D5CBD14002D3992 /* Info.plist */,
				5BDDAFFB1D5CBD14002D3992 /* Supporting Files */,
			);
			path = Forecaster;
			sourceTree = "<group>";
		};
		5BDDAFFB1D5CBD14002D3992 /* Supporting Files */ = {
			isa = PBXGroup;
			children = (
				5BDDAFFC1D5CBD14002D3992 /* main.m */,
			);
			name = "Supporting Files";
			sourceTree = "<group>";
		};
/* End PBXGroup section */

/* Begin PBXNativeTarget section */
		5BDDAFF71D5CBD14002D3992 /* Forecaster */ = {
			isa = PBXNativeTarget;
			buildConfigurationList = 5BDDB00F1D5CBD14002D3992 /* Build configuration list for PBXNativeTarget "Forecaster" */;
			buildPhases = (
				5BDDAFF41D5CBD14002D3992 /* Sources */,
				5BDDAFF51D5CBD14002D3992 /* Frameworks */,
				5BDDAFF61D5CBD14002D3992 /* Resources */,
			);
			buildRules = (
			);
			dependencies = (
			);
			name = Forecaster;
			productName = Forecaster;
			productReference = 5BDDAFF81D5CBD14002D3992 /* Forecaster.app */;
			productType = "com.apple.product-type.application";
		};
/* End PBXNativeTarget section */

/* Begin PBXProject section */
		5BDDAFF01D5CBD14002D3992 /* Project object */ = {
			isa = PBXProject;
			attributes = {
				LastUpgradeCheck = 0730;
				ORGANIZATIONNAME = "The Iron Yard";
				TargetAttributes = {
					5BDDAFF71D5CBD14002D3992 = {
						CreatedOnToolsVersion = 7.3.1;
					};
				};
			};
			buildConfigurationList = 5BDDAFF31D5CBD14002D3992 /* Build configuration list for PBXProject "Forecaster" */;
			compatibilityVersion = "Xcode 3.2";
			developmentRegion = English;
			hasScannedForEncodings = 0;
			knownRegions = (
				en,
				Base,
			);
			mainGroup = 5BDDAFEF1D5CBD14002D3992;
			productRefGroup = 5BDDAFF91D5CBD14002D3992 /* Products */;
			projectDirPath = "";
			projectRoot = "";
			targets = (
				5BDDAFF71D5CBD14002D3992 /* Forecaster */,
			);
		};
/* End PBXProject section */

/* Begin PBXResourcesBuildPhase section */
		5BDDAFF61D5CBD14002D3992 /* Resources */ = {
			isa = PBXResourcesBuildPhase;
			buildActionMask = 2147483647;
			files = (
				5BDDB00B1D5CBD14002D3992 /* LaunchScreen.storyboard in Resources */,
				5BDDB0081D5CBD14002D3992 /* Assets.xcassets in Resources */,
				5BDDB0061D5CBD14002D3992 /* Main.storyboard in Resources */,
			);
			runOnlyForDeploymentPostprocessing = 0;
		};
/* End PBXResourcesBuildPhase section */

/* Begin PBXSourcesBuildPhase section */
		5BDDAFF41D5CBD14002D3992 /* Sources */ = {
			isa = PBXSourcesBuildPhase;
			buildActionMask = 2147483647;
			files = (
				5BC3F7291D5F4F78007C8B59 /* SearchZipViewController.m in Sources */,
				5BC3F72C1D5F5E91007C8B59 /* APIController.m in Sources */,
				5BC3F7351D5FB96F007C8B59 /* WeatherDetailViewController.m in Sources */,
				5BC3F7321D5F9E08007C8B59 /* Weather.m in Sources */,
				5BC3F72F1D5F79DC007C8B59 /* City.m in Sources */,
				5BC3F7261D5F466F007C8B59 /* CityTableViewController.m in Sources */,
				5BDDB0001D5CBD14002D3992 /* AppDelegate.m in Sources */,
				5BDDAFFD1D5CBD14002D3992 /* main.m in Sources */,
			);
			runOnlyForDeploymentPostprocessing = 0;
		};
/* End PBXSourcesBuildPhase section */

/* Begin PBXVariantGroup section */
		5BDDB0041D5CBD14002D3992 /* Main.storyboard */ = {
			isa = PBXVariantGroup;
			children = (
				5BDDB0051D5CBD14002D3992 /* Base */,
			);
			name = Main.storyboard;
			sourceTree = "<group>";
		};
		5BDDB0091D5CBD14002D3992 /* LaunchScreen.storyboard */ = {
			isa = PBXVariantGroup;
			children = (
				5BDDB00A1D5CBD14002D3992 /* Base */,
			);
			name = LaunchScreen.storyboard;
			sourceTree = "<group>";
		};
/* End PBXVariantGroup section */

/* Begin XCBuildConfiguration section */
		5BDDB00D1D5CBD14002D3992 /* Debug */ = {
			isa = XCBuildConfiguration;
			buildSettings = {
				ALWAYS_SEARCH_USER_PATHS = NO;
				CLANG_ANALYZER_NONNULL = YES;
				CLANG_CXX_LANGUAGE_STANDARD = "gnu++0x";
				CLANG_CXX_LIBRARY = "libc++";
				CLANG_ENABLE_MODULES = YES;
				CLANG_ENABLE_OBJC_ARC = YES;
				CLANG_WARN_BOOL_CONVERSION = YES;
				CLANG_WARN_CONSTANT_CONVERSION = YES;
				CLANG_WARN_DIRECT_OBJC_ISA_USAGE = YES_ERROR;
				CLANG_WARN_EMPTY_BODY = YES;
				CLANG_WARN_ENUM_CONVERSION = YES;
				CLANG_WARN_INT_CONVERSION = YES;
				CLANG_WARN_OBJC_ROOT_CLASS = YES_ERROR;
				CLANG_WARN_UNREACHABLE_CODE = YES;
				CLANG_WARN__DUPLICATE_METHOD_MATCH = YES;
				"CODE_SIGN_IDENTITY[sdk=iphoneos*]" = "iPhone Developer";
				COPY_PHASE_STRIP = NO;
				DEBUG_INFORMATION_FORMAT = dwarf;
				ENABLE_STRICT_OBJC_MSGSEND = YES;
				ENABLE_TESTABILITY = YES;
				GCC_C_LANGUAGE_STANDARD = gnu99;
				GCC_DYNAMIC_NO_PIC = NO;
				GCC_NO_COMMON_BLOCKS = YES;
				GCC_OPTIMIZATION_LEVEL = 0;
				GCC_PREPROCESSOR_DEFINITIONS = (
					"DEBUG=1",
					"$(inherited)",
				);
				GCC_WARN_64_TO_32_BIT_CONVERSION = YES;
				GCC_WARN_ABOUT_RETURN_TYPE = YES_ERROR;
				GCC_WARN_UNDECLARED_SELECTOR = YES;
				GCC_WARN_UNINITIALIZED_AUTOS = YES_AGGRESSIVE;
				GCC_WARN_UNUSED_FUNCTION = YES;
				GCC_WARN_UNUSED_VARIABLE = YES;
				IPHONEOS_DEPLOYMENT_TARGET = 9.3;
				MTL_ENABLE_DEBUG_INFO = YES;
				ONLY_ACTIVE_ARCH = YES;
				SDKROOT = iphoneos;
			};
			name = Debug;
		};
		5BDDB00E1D5CBD14002D3992 /* Release */ = {
			isa = XCBuildConfiguration;
			buildSettings = {
				ALWAYS_SEARCH_USER_PATHS = NO;
				CLANG_ANALYZER_NONNULL = YES;
				CLANG_CXX_LANGUAGE_STANDARD = "gnu++0x";
				CLANG_CXX_LIBRARY = "libc++";
				CLANG_ENABLE_MODULES = YES;
				CLANG_ENABLE_OBJC_ARC = YES;
				CLANG_WARN_BOOL_CONVERSION = YES;
				CLANG_WARN_CONSTANT_CONVERSION = YES;
				CLANG_WARN_DIRECT_OBJC_ISA_USAGE = YES_ERROR;
				CLANG_WARN_EMPTY_BODY = YES;
				CLANG_WARN_ENUM_CONVERSION = YES;
				CLANG_WARN_INT_CONVERSION = YES;
				CLANG_WARN_OBJC_ROOT_CLASS = YES_ERROR;
				CLANG_WARN_UNREACHABLE_CODE = YES;
				CLANG_WARN__DUPLICATE_METHOD_MATCH = YES;
				"CODE_SIGN_IDENTITY[sdk=iphoneos*]" = "iPhone Developer";
				COPY_PHASE_STRIP = NO;
				DEBUG_INFORMATION_FORMAT = "dwarf-with-dsym";
				ENABLE_NS_ASSERTIONS = NO;
				ENABLE_STRICT_OBJC_MSGSEND = YES;
				GCC_C_LANGUAGE_STANDARD = gnu99;
				GCC_NO_COMMON_BLOCKS = YES;
				GCC_WARN_64_TO_32_BIT_CONVERSION = YES;
				GCC_WARN_ABOUT_RETURN_TYPE = YES_ERROR;
				GCC_WARN_UNDECLARED_SELECTOR = YES;
				GCC_WARN_UNINITIALIZED_AUTOS = YES_AGGRESSIVE;
				GCC_WARN_UNUSED_FUNCTION = YES;
				GCC_WARN_UNUSED_VARIABLE = YES;
				IPHONEOS_DEPLOYMENT_TARGET = 9.3;
				MTL_ENABLE_DEBUG_INFO = NO;
				SDKROOT = iphoneos;
				VALIDATE_PRODUCT = YES;
			};
			name = Release;
		};
		5BDDB0101D5CBD14002D3992 /* Debug */ = {
			isa = XCBuildConfiguration;
			buildSettings = {
				ASSETCATALOG_COMPILER_APPICON_NAME = AppIcon;
				INFOPLIST_FILE = Forecaster/Info.plist;
				LD_RUNPATH_SEARCH_PATHS = "$(inherited) @executable_path/Frameworks";
				PRODUCT_BUNDLE_IDENTIFIER = com.tiy.Forecaster;
				PRODUCT_NAME = "$(TARGET_NAME)";
			};
			name = Debug;
		};
		5BDDB0111D5CBD14002D3992 /* Release */ = {
			isa = XCBuildConfiguration;
			buildSettings = {
				ASSETCATALOG_COMPILER_APPICON_NAME = AppIcon;
				INFOPLIST_FILE = Forecaster/Info.plist;
				LD_RUNPATH_SEARCH_PATHS = "$(inherited) @executable_path/Frameworks";
				PRODUCT_BUNDLE_IDENTIFIER = com.tiy.Forecaster;
				PRODUCT_NAME = "$(TARGET_NAME)";
			};
			name = Release;
		};
/* End XCBuildConfiguration section */

/* Begin XCConfigurationList section */
		5BDDAFF31D5CBD14002D3992 /* Build configuration list for PBXProject "Forecaster" */ = {
			isa = XCConfigurationList;
			buildConfigurations = (
				5BDDB00D1D5CBD14002D3992 /* Debug */,
				5BDDB00E1D5CBD14002D3992 /* Release */,
			);
			defaultConfigurationIsVisible = 0;
			defaultConfigurationName = Release;
		};
		5BDDB00F1D5CBD14002D3992 /* Build configuration list for PBXNativeTarget "Forecaster" */ = {
			isa = XCConfigurationList;
			buildConfigurations = (
				5BDDB0101D5CBD14002D3992 /* Debug */,
				5BDDB0111D5CBD14002D3992 /* Release */,
			);
			defaultConfigurationIsVisible = 0;
			defaultConfigurationName = Release;
		};
/* End XCConfigurationList section */
	};
	rootObject = 5BDDAFF01D5CBD14002D3992 /* Project object */;
}
